
Microsoft Visual Studio Solution File, Format Version 12.00
# Visual Studio 15
VisualStudioVersion = 15.0.28307.539
MinimumVisualStudioVersion = 10.0.40219.1
Project("{8BC9CEB8-8B4A-11D0-8D11-00A0C91BC942}") = "STEMgameNEW", "STEMgameNEW\STEMgameNEW.vcxproj", "{42596EE9-3C84-4132-AD45-8867AA603767}"
EndProject
Global
	GlobalSection(SolutionConfigurationPlatforms) = preSolution
		Debug|x64 = Debug|x64
		Debug|x86 = Debug|x86
		Release|x64 = Release|x64
		Release|x86 = Release|x86
	EndGlobalSection
	GlobalSection(ProjectConfigurationPlatforms) = postSolution
		{42596EE9-3C84-4132-AD45-8867AA603767}.Debug|x64.ActiveCfg = Debug|x64
		{42596EE9-3C84-4132-AD45-8867AA603767}.Debug|x64.Build.0 = Debug|x64
		{42596EE9-3C84-4132-AD45-8867AA603767}.Debug|x86.ActiveCfg = Debug|Win32
		{42596EE9-3C84-4132-AD45-8867AA603767}.Debug|x86.Build.0 = Debug|Win32
		{42596EE9-3C84-4132-AD45-8867AA603767}.Release|x64.ActiveCfg = Release|x64
		{42596EE9-3C84-4132-AD45-8867AA603767}.Release|x64.Build.0 = Release|x64
		{42596EE9-3C84-4132-AD45-8867AA603767}.Release|x86.ActiveCfg = Release|Win32
		{42596EE9-3C84-4132-AD45-8867AA603767}.Release|x86.Build.0 = Release|Win32
	EndGlobalSection
	GlobalSection(SolutionProperties) = preSolution
		HideSolutionNode = FALSE
	EndGlobalSection
	GlobalSection(ExtensibilityGlobals) = postSolution
		SolutionGuid = {50E48801-EA6E-46F0-8757-8F35FD406B9D}
	EndGlobalSection
EndGlobal
